
Microsoft Visual Studio Solution File, Format Version 12.00
# Visual Studio Version 17
VisualStudioVersion = 17.7.34024.191
MinimumVisualStudioVersion = 10.0.40219.1
Project("{FAE04EC0-301F-11D3-BF4B-00C04F79EFBC}") = "carpma-proje", "carpma-proje\carpma-proje.csproj", "{3364E199-1029-4A95-A841-89136AE7377C}"
EndProject
Global
	GlobalSection(SolutionConfigurationPlatforms) = preSolution
		Debug|Any CPU = Debug|Any CPU
		Release|Any CPU = Release|Any CPU
	EndGlobalSection
	GlobalSection(ProjectConfigurationPlatforms) = postSolution
		{3364E199-1029-4A95-A841-89136AE7377C}.Debug|Any CPU.ActiveCfg = Debug|Any CPU
		{3364E199-1029-4A95-A841-89136AE7377C}.Debug|Any CPU.Build.0 = Debug|Any CPU
		{3364E199-1029-4A95-A841-89136AE7377C}.Release|Any CPU.ActiveCfg = Release|Any CPU
		{3364E199-1029-4A95-A841-89136AE7377C}.Release|Any CPU.Build.0 = Release|Any CPU
	EndGlobalSection
	GlobalSection(SolutionProperties) = preSolution
		HideSolutionNode = FALSE
	EndGlobalSection
	GlobalSection(ExtensibilityGlobals) = postSolution
		SolutionGuid = {9B6CF90D-97F4-4A2D-9439-70BD1FF5E17F}
	EndGlobalSection
EndGlobal
